
Microsoft Visual Studio Solution File, Format Version 12.00
# Visual Studio Version 16
VisualStudioVersion = 16.0.31727.386
MinimumVisualStudioVersion = 10.0.40219.1
Project("{FAE04EC0-301F-11D3-BF4B-00C04F79EFBC}") = "HomeTask_5", "HomeTask_5.csproj", "{5FC00B3C-E2EE-4838-94BA-6CF9AEEEC311}"
EndProject
Global
	GlobalSection(SolutionConfigurationPlatforms) = preSolution
		Debug|Any CPU = Debug|Any CPU
		Release|Any CPU = Release|Any CPU
	EndGlobalSection
	GlobalSection(ProjectConfigurationPlatforms) = postSolution
		{5FC00B3C-E2EE-4838-94BA-6CF9AEEEC311}.Debug|Any CPU.ActiveCfg = Debug|Any CPU
		{5FC00B3C-E2EE-4838-94BA-6CF9AEEEC311}.Debug|Any CPU.Build.0 = Debug|Any CPU
		{5FC00B3C-E2EE-4838-94BA-6CF9AEEEC311}.Release|Any CPU.ActiveCfg = Release|Any CPU
		{5FC00B3C-E2EE-4838-94BA-6CF9AEEEC311}.Release|Any CPU.Build.0 = Release|Any CPU
	EndGlobalSection
	GlobalSection(SolutionProperties) = preSolution
		HideSolutionNode = FALSE
	EndGlobalSection
	GlobalSection(ExtensibilityGlobals) = postSolution
		SolutionGuid = {4CCB1B36-E30F-493B-A466-139EEE2F6948}
	EndGlobalSection
EndGlobal
